
Microsoft Visual Studio Solution File, Format Version 12.00
# Visual Studio Version 17
VisualStudioVersion = 17.6.33829.357
MinimumVisualStudioVersion = 10.0.40219.1
Project("{FAE04EC0-301F-11D3-BF4B-00C04F79EFBC}") = "LojaDeRoupas", "LojaDeRoupas\LojaDeRoupas.csproj", "{71B464F9-D2C1-4CDF-9CEC-A07F7E758467}"
EndProject
Global
	GlobalSection(SolutionConfigurationPlatforms) = preSolution
		Debug|Any CPU = Debug|Any CPU
		Release|Any CPU = Release|Any CPU
	EndGlobalSection
	GlobalSection(ProjectConfigurationPlatforms) = postSolution
		{71B464F9-D2C1-4CDF-9CEC-A07F7E758467}.Debug|Any CPU.ActiveCfg = Debug|Any CPU
		{71B464F9-D2C1-4CDF-9CEC-A07F7E758467}.Debug|Any CPU.Build.0 = Debug|Any CPU
		{71B464F9-D2C1-4CDF-9CEC-A07F7E758467}.Release|Any CPU.ActiveCfg = Release|Any CPU
		{71B464F9-D2C1-4CDF-9CEC-A07F7E758467}.Release|Any CPU.Build.0 = Release|Any CPU
	EndGlobalSection
	GlobalSection(SolutionProperties) = preSolution
		HideSolutionNode = FALSE
	EndGlobalSection
	GlobalSection(ExtensibilityGlobals) = postSolution
		SolutionGuid = {6FAC3390-0368-445F-BD31-2F414241F873}
	EndGlobalSection
EndGlobal
